
Microsoft Visual Studio Solution File, Format Version 12.00
# Visual Studio Version 17
VisualStudioVersion = 17.14.37203.1
MinimumVisualStudioVersion = 10.0.40219.1
Project("{FAE04EC0-301F-11D3-BF4B-00C04F79EFBC}") = "TalentHub", "TalentHub\TalentHub.csproj", "{BFED171D-E89B-4174-A23B-AE2EC0AA917A}"
EndProject
Project("{2150E333-8FDC-42A3-9474-1A3956D46DE8}") = "Modules", "Modules", "{02EA681E-C7D8-13C7-8484-4AC65E1B71E8}"
EndProject
Project("{2150E333-8FDC-42A3-9474-1A3956D46DE8}") = "Employment", "Employment", "{20DA8EBD-C11D-40A2-B46D-BEE11A5A2942}"
EndProject
Project("{2150E333-8FDC-42A3-9474-1A3956D46DE8}") = "Applications", "Applications", "{9D1257BE-9241-40E3-B829-B4949FAB4D17}"
EndProject
Project("{FAE04EC0-301F-11D3-BF4B-00C04F79EFBC}") = "Employment.Domain", "..\..\Modules\Employment\Employment.Domain\Employment.Domain.csproj", "{C0BD1786-81DB-6F89-B6A8-15D5DE42257E}"
EndProject
Project("{FAE04EC0-301F-11D3-BF4B-00C04F79EFBC}") = "Employment.Infra", "..\..\Modules\Employment\Employment.Infra\Employment.Infra.csproj", "{ABC8B8A1-10C1-A511-DC1D-B93FF9A69C88}"
EndProject
Project("{FAE04EC0-301F-11D3-BF4B-00C04F79EFBC}") = "Employment.UI", "..\..\Modules\Employment\Employment.UI\Employment.UI.csproj", "{3FF1285C-6A96-4D7A-A35E-0C91B8416C91}"
EndProject
Global
	GlobalSection(SolutionConfigurationPlatforms) = preSolution
		Debug|Any CPU = Debug|Any CPU
		Release|Any CPU = Release|Any CPU
	EndGlobalSection
	GlobalSection(ProjectConfigurationPlatforms) = postSolution
		{BFED171D-E89B-4174-A23B-AE2EC0AA917A}.Debug|Any CPU.ActiveCfg = Debug|Any CPU
		{BFED171D-E89B-4174-A23B-AE2EC0AA917A}.Debug|Any CPU.Build.0 = Debug|Any CPU
		{BFED171D-E89B-4174-A23B-AE2EC0AA917A}.Release|Any CPU.ActiveCfg = Release|Any CPU
		{BFED171D-E89B-4174-A23B-AE2EC0AA917A}.Release|Any CPU.Build.0 = Release|Any CPU
		{C0BD1786-81DB-6F89-B6A8-15D5DE42257E}.Debug|Any CPU.ActiveCfg = Debug|Any CPU
		{C0BD1786-81DB-6F89-B6A8-15D5DE42257E}.Debug|Any CPU.Build.0 = Debug|Any CPU
		{C0BD1786-81DB-6F89-B6A8-15D5DE42257E}.Release|Any CPU.ActiveCfg = Release|Any CPU
		{C0BD1786-81DB-6F89-B6A8-15D5DE42257E}.Release|Any CPU.Build.0 = Release|Any CPU
		{ABC8B8A1-10C1-A511-DC1D-B93FF9A69C88}.Debug|Any CPU.ActiveCfg = Debug|Any CPU
		{ABC8B8A1-10C1-A511-DC1D-B93FF9A69C88}.Debug|Any CPU.Build.0 = Debug|Any CPU
		{ABC8B8A1-10C1-A511-DC1D-B93FF9A69C88}.Release|Any CPU.ActiveCfg = Release|Any CPU
		{ABC8B8A1-10C1-A511-DC1D-B93FF9A69C88}.Release|Any CPU.Build.0 = Release|Any CPU
		{3FF1285C-6A96-4D7A-A35E-0C91B8416C91}.Debug|Any CPU.ActiveCfg = Debug|Any CPU
		{3FF1285C-6A96-4D7A-A35E-0C91B8416C91}.Debug|Any CPU.Build.0 = Debug|Any CPU
		{3FF1285C-6A96-4D7A-A35E-0C91B8416C91}.Release|Any CPU.ActiveCfg = Release|Any CPU
		{3FF1285C-6A96-4D7A-A35E-0C91B8416C91}.Release|Any CPU.Build.0 = Release|Any CPU
	EndGlobalSection
	GlobalSection(SolutionProperties) = preSolution
		HideSolutionNode = FALSE
	EndGlobalSection
	GlobalSection(NestedProjects) = preSolution
		{BFED171D-E89B-4174-A23B-AE2EC0AA917A} = {9D1257BE-9241-40E3-B829-B4949FAB4D17}
		{20DA8EBD-C11D-40A2-B46D-BEE11A5A2942} = {02EA681E-C7D8-13C7-8484-4AC65E1B71E8}
		{C0BD1786-81DB-6F89-B6A8-15D5DE42257E} = {20DA8EBD-C11D-40A2-B46D-BEE11A5A2942}
		{ABC8B8A1-10C1-A511-DC1D-B93FF9A69C88} = {20DA8EBD-C11D-40A2-B46D-BEE11A5A2942}
		{3FF1285C-6A96-4D7A-A35E-0C91B8416C91} = {20DA8EBD-C11D-40A2-B46D-BEE11A5A2942}
	EndGlobalSection
	GlobalSection(ExtensibilityGlobals) = postSolution
		SolutionGuid = {FA8F2EA7-A65B-4486-933D-86E1B839CECB}
	EndGlobalSection
EndGlobal
